// !$*UTF8*$!
{
	archiveVersion = 1;
	classes = {
	};
	objectVersion = 46;
	objects = {

/* Begin PBXBuildFile section */
		F31DDDDF1ACEE13D00B4D65E /* main.m in Sources */ = {isa = PBXBuildFile; fileRef = F31DDDDE1ACEE13D00B4D65E /* main.m */; };
		F31DDDE21ACEE13D00B4D65E /* AppDelegate.m in Sources */ = {isa = PBXBuildFile; fileRef = F31DDDE11ACEE13D00B4D65E /* AppDelegate.m */; };
		F31DDDE51ACEE13D00B4D65E /* GameScene.m in Sources */ = {isa = PBXBuildFile; fileRef = F31DDDE41ACEE13D00B4D65E /* GameScene.m */; };
		F31DDDE71ACEE13D00B4D65E /* GameScene.sks in Resources */ = {isa = PBXBuildFile; fileRef = F31DDDE61ACEE13D00B4D65E /* GameScene.sks */; };
		F31DDDEA1ACEE13D00B4D65E /* GameViewController.m in Sources */ = {isa = PBXBuildFile; fileRef = F31DDDE91ACEE13D00B4D65E /* GameViewController.m */; };
		F31DDDED1ACEE13D00B4D65E /* Main.storyboard in Resources */ = {isa = PBXBuildFile; fileRef = F31DDDEB1ACEE13D00B4D65E /* Main.storyboard */; };
		F31DDDEF1ACEE13D00B4D65E /* Images.xcassets in Resources */ = {isa = PBXBuildFile; fileRef = F31DDDEE1ACEE13D00B4D65E /* Images.xcassets */; };
		F31DDDF21ACEE13D00B4D65E /* LaunchScreen.xib in Resources */ = {isa = PBXBuildFile; fileRef = F31DDDF01ACEE13D00B4D65E /* LaunchScreen.xib */; };
		F31DDDFE1ACEE13E00B4D65E /* MatchingRushTests.m in Sources */ = {isa = PBXBuildFile; fileRef = F31DDDFD1ACEE13E00B4D65E /* MatchingRushTests.m */; };
/* End PBXBuildFile section */

/* Begin PBXContainerItemProxy section */
		F31DDDF81ACEE13E00B4D65E /* PBXContainerItemProxy */ = {
			isa = PBXContainerItemProxy;
			containerPortal = F31DDDD11ACEE13D00B4D65E /* Project object */;
			proxyType = 1;
			remoteGlobalIDString = F31DDDD81ACEE13D00B4D65E;
			remoteInfo = MatchingRush;
		};
/* End PBXContainerItemProxy section */

/* Begin PBXFileReference section */
		F31DDDD91ACEE13D00B4D65E /* MatchingRush.app */ = {isa = PBXFileReference; explicitFileType = wrapper.application; includeInIndex = 0; path = MatchingRush.app; sourceTree = BUILT_PRODUCTS_DIR; };
		F31DDDDD1ACEE13D00B4D65E /* Info.plist */ = {isa = PBXFileReference; lastKnownFileType = text.plist.xml; path = Info.plist; sourceTree = "<group>"; };
		F31DDDDE1ACEE13D00B4D65E /* main.m */ = {isa = PBXFileReference; lastKnownFileType = sourcecode.c.objc; path = main.m; sourceTree = "<group>"; };
		F31DDDE01ACEE13D00B4D65E /* AppDelegate.h */ = {isa = PBXFileReference; lastKnownFileType = sourcecode.c.h; path = AppDelegate.h; sourceTree = "<group>"; };
		F31DDDE11ACEE13D00B4D65E /* AppDelegate.m */ = {isa = PBXFileReference; lastKnownFileType = sourcecode.c.objc; path = AppDelegate.m; sourceTree = "<group>"; };
		F31DDDE31ACEE13D00B4D65E /* GameScene.h */ = {isa = PBXFileReference; lastKnownFileType = sourcecode.c.h; path = GameScene.h; sourceTree = "<group>"; };
		F31DDDE41ACEE13D00B4D65E /* GameScene.m */ = {isa = PBXFileReference; lastKnownFileType = sourcecode.c.objc; path = GameScene.m; sourceTree = "<group>"; };
		F31DDDE61ACEE13D00B4D65E /* GameScene.sks */ = {isa = PBXFileReference; lastKnownFileType = file.sks; path = GameScene.sks; sourceTree = "<group>"; };
		F31DDDE81ACEE13D00B4D65E /* GameViewController.h */ = {isa = PBXFileReference; lastKnownFileType = sourcecode.c.h; path = GameViewController.h; sourceTree = "<group>"; };
		F31DDDE91ACEE13D00B4D65E /* GameViewController.m */ = {isa = PBXFileReference; lastKnownFileType = sourcecode.c.objc; path = GameViewController.m; sourceTree = "<group>"; };
		F31DDDEC1ACEE13D00B4D65E /* Base */ = {isa = PBXFileReference; lastKnownFileType = file.storyboard; name = Base; path = Base.lproj/Main.storyboard; sourceTree = "<group>"; };
		F31DDDEE1ACEE13D00B4D65E /* Images.xcassets */ = {isa = PBXFileReference; lastKnownFileType = folder.assetcatalog; path = Images.xcassets; sourceTree = "<group>"; };
		F31DDDF11ACEE13D00B4D65E /* Base */ = {isa = PBXFileReference; lastKnownFileType = file.xib; name = Base; path = Base.lproj/LaunchScreen.xib; sourceTree = "<group>"; };
		F31DDDF71ACEE13E00B4D65E /* MatchingRushTests.xctest */ = {isa = PBXFileReference; explicitFileType = wrapper.cfbundle; includeInIndex = 0; path = MatchingRushTests.xctest; sourceTree = BUILT_PRODUCTS_DIR; };
		F31DDDFC1ACEE13E00B4D65E /* Info.plist */ = {isa = PBXFileReference; lastKnownFileType = text.plist.xml; path = Info.plist; sourceTree = "<group>"; };
		F31DDDFD1ACEE13E00B4D65E /* MatchingRushTests.m */ = {isa = PBXFileReference; lastKnownFileType = sourcecode.c.objc; path = MatchingRushTests.m; sourceTree = "<group>"; };
/* End PBXFileReference section */

/* Begin PBXFrameworksBuildPhase section */
		F31DDDD61ACEE13D00B4D65E /* Frameworks */ = {
			isa = PBXFrameworksBuildPhase;
			buildActionMask = 2147483647;
			files = (
			);
			runOnlyForDeploymentPostprocessing = 0;
		};
		F31DDDF41ACEE13E00B4D65E /* Frameworks */ = {
			isa = PBXFrameworksBuildPhase;
			buildActionMask = 2147483647;
			files = (
			);
			runOnlyForDeploymentPostprocessing = 0;
		};
/* End PBXFrameworksBuildPhase section */

/* Begin PBXGroup section */
		F31DDDD01ACEE13D00B4D65E = {
			isa = PBXGroup;
			children = (
				F31DDDDB1ACEE13D00B4D65E /* MatchingRush */,
				F31DDDFA1ACEE13E00B4D65E /* MatchingRushTests */,
				F31DDDDA1ACEE13D00B4D65E /* Products */,
			);
			sourceTree = "<group>";
		};
		F31DDDDA1ACEE13D00B4D65E /* Products */ = {
			isa = PBXGroup;
			children = (
				F31DDDD91ACEE13D00B4D65E /* MatchingRush.app */,
				F31DDDF71ACEE13E00B4D65E /* MatchingRushTests.xctest */,
			);
			name = Products;
			sourceTree = "<group>";
		};
		F31DDDDB1ACEE13D00B4D65E /* MatchingRush */ = {
			isa = PBXGroup;
			children = (
				F31DDDE01ACEE13D00B4D65E /* AppDelegate.h */,
				F31DDDE11ACEE13D00B4D65E /* AppDelegate.m */,
				F31DDDE31ACEE13D00B4D65E /* GameScene.h */,
				F31DDDE41ACEE13D00B4D65E /* GameScene.m */,
				F31DDDE61ACEE13D00B4D65E /* GameScene.sks */,
				F31DDDE81ACEE13D00B4D65E /* GameViewController.h */,
				F31DDDE91ACEE13D00B4D65E /* GameViewController.m */,
				F31DDDEB1ACEE13D00B4D65E /* Main.storyboard */,
				F31DDDEE1ACEE13D00B4D65E /* Images.xcassets */,
				F31DDDF01ACEE13D00B4D65E /* LaunchScreen.xib */,
				F31DDDDC1ACEE13D00B4D65E /* Supporting Files */,
			);
			path = MatchingRush;
			sourceTree = "<group>";
		};
		F31DDDDC1ACEE13D00B4D65E /* Supporting Files */ = {
			isa = PBXGroup;
			children = (
				F31DDDDD1ACEE13D00B4D65E /* Info.plist */,
				F31DDDDE1ACEE13D00B4D65E /* main.m */,
			);
			name = "Supporting Files";
			sourceTree = "<group>";
		};
		F31DDDFA1ACEE13E00B4D65E /* MatchingRushTests */ = {
			isa = PBXGroup;
			children = (
				F31DDDFD1ACEE13E00B4D65E /* MatchingRushTests.m */,
				F31DDDFB1ACEE13E00B4D65E /* Supporting Files */,
			);
			path = MatchingRushTests;
			sourceTree = "<group>";
		};
		F31DDDFB1ACEE13E00B4D65E /* Supporting Files */ = {
			isa = PBXGroup;
			children = (
				F31DDDFC1ACEE13E00B4D65E /* Info.plist */,
			);
			name = "Supporting Files";
			sourceTree = "<group>";
		};
/* End PBXGroup section */

/* Begin PBXNativeTarget section */
		F31DDDD81ACEE13D00B4D65E /* MatchingRush */ = {
			isa = PBXNativeTarget;
			buildConfigurationList = F31DDE011ACEE13E00B4D65E /* Build configuration list for PBXNativeTarget "MatchingRush" */;
			buildPhases = (
				F31DDDD51ACEE13D00B4D65E /* Sources */,
				F31DDDD61ACEE13D00B4D65E /* Frameworks */,
				F31DDDD71ACEE13D00B4D65E /* Resources */,
			);
			buildRules = (
			);
			dependencies = (
			);
			name = MatchingRush;
			productName = MatchingRush;
			productReference = F31DDDD91ACEE13D00B4D65E /* MatchingRush.app */;
			productType = "com.apple.product-type.application";
		};
		F31DDDF61ACEE13E00B4D65E /* MatchingRushTests */ = {
			isa = PBXNativeTarget;
			buildConfigurationList = F31DDE041ACEE13E00B4D65E /* Build configuration list for PBXNativeTarget "MatchingRushTests" */;
			buildPhases = (
				F31DDDF31ACEE13E00B4D65E /* Sources */,
				F31DDDF41ACEE13E00B4D65E /* Frameworks */,
				F31DDDF51ACEE13E00B4D65E /* Resources */,
			);
			buildRules = (
			);
			dependencies = (
				F31DDDF91ACEE13E00B4D65E /* PBXTargetDependency */,
			);
			name = MatchingRushTests;
			productName = MatchingRushTests;
			productReference = F31DDDF71ACEE13E00B4D65E /* MatchingRushTests.xctest */;
			productType = "com.apple.product-type.bundle.unit-test";
		};
/* End PBXNativeTarget section */

/* Begin PBXProject section */
		F31DDDD11ACEE13D00B4D65E /* Project object */ = {
			isa = PBXProject;
			attributes = {
				LastUpgradeCheck = 0610;
				ORGANIZATIONNAME = hoangpham;
				TargetAttributes = {
					F31DDDD81ACEE13D00B4D65E = {
						CreatedOnToolsVersion = 6.1.1;
					};
					F31DDDF61ACEE13E00B4D65E = {
						CreatedOnToolsVersion = 6.1.1;
						TestTargetID = F31DDDD81ACEE13D00B4D65E;
					};
				};
			};
			buildConfigurationList = F31DDDD41ACEE13D00B4D65E /* Build configuration list for PBXProject "MatchingRush" */;
			compatibilityVersion = "Xcode 3.2";
			developmentRegion = English;
			hasScannedForEncodings = 0;
			knownRegions = (
				en,
				Base,
			);
			mainGroup = F31DDDD01ACEE13D00B4D65E;
			productRefGroup = F31DDDDA1ACEE13D00B4D65E /* Products */;
			projectDirPath = "";
			projectRoot = "";
			targets = (
				F31DDDD81ACEE13D00B4D65E /* MatchingRush */,
				F31DDDF61ACEE13E00B4D65E /* MatchingRushTests */,
			);
		};
/* End PBXProject section */

/* Begin PBXResourcesBuildPhase section */
		F31DDDD71ACEE13D00B4D65E /* Resources */ = {
			isa = PBXResourcesBuildPhase;
			buildActionMask = 2147483647;
			files = (
				F31DDDF21ACEE13D00B4D65E /* LaunchScreen.xib in Resources */,
				F31DDDEF1ACEE13D00B4D65E /* Images.xcassets in Resources */,
				F31DDDE71ACEE13D00B4D65E /* GameScene.sks in Resources */,
				F31DDDED1ACEE13D00B4D65E /* Main.storyboard in Resources */,
			);
			runOnlyForDeploymentPostprocessing = 0;
		};
		F31DDDF51ACEE13E00B4D65E /* Resources */ = {
			isa = PBXResourcesBuildPhase;
			buildActionMask = 2147483647;
			files = (
			);
			runOnlyForDeploymentPostprocessing = 0;
		};
/* End PBXResourcesBuildPhase section */

/* Begin PBXSourcesBuildPhase section */
		F31DDDD51ACEE13D00B4D65E /* Sources */ = {
			isa = PBXSourcesBuildPhase;
			buildActionMask = 2147483647;
			files = (
				F31DDDEA1ACEE13D00B4D65E /* GameViewController.m in Sources */,
				F31DDDE21ACEE13D00B4D65E /* AppDelegate.m in Sources */,
				F31DDDE51ACEE13D00B4D65E /* GameScene.m in Sources */,
				F31DDDDF1ACEE13D00B4D65E /* main.m in Sources */,
			);
			runOnlyForDeploymentPostprocessing = 0;
		};
		F31DDDF31ACEE13E00B4D65E /* Sources */ = {
			isa = PBXSourcesBuildPhase;
			buildActionMask = 2147483647;
			files = (
				F31DDDFE1ACEE13E00B4D65E /* MatchingRushTests.m in Sources */,
			);
			runOnlyForDeploymentPostprocessing = 0;
		};
/* End PBXSourcesBuildPhase section */

/* Begin PBXTargetDependency section */
		F31DDDF91ACEE13E00B4D65E /* PBXTargetDependency */ = {
			isa = PBXTargetDependency;
			target = F31DDDD81ACEE13D00B4D65E /* MatchingRush */;
			targetProxy = F31DDDF81ACEE13E00B4D65E /* PBXContainerItemProxy */;
		};
/* End PBXTargetDependency section */

/* Begin PBXVariantGroup section */
		F31DDDEB1ACEE13D00B4D65E /* Main.storyboard */ = {
			isa = PBXVariantGroup;
			children = (
				F31DDDEC1ACEE13D00B4D65E /* Base */,
			);
			name = Main.storyboard;
			sourceTree = "<group>";
		};
		F31DDDF01ACEE13D00B4D65E /* LaunchScreen.xib */ = {
			isa = PBXVariantGroup;
			children = (
				F31DDDF11ACEE13D00B4D65E /* Base */,
			);
			name = LaunchScreen.xib;
			sourceTree = "<group>";
		};
/* End PBXVariantGroup section */

/* Begin XCBuildConfiguration section */
		F31DDDFF1ACEE13E00B4D65E /* Debug */ = {
			isa = XCBuildConfiguration;
			buildSettings = {
				ALWAYS_SEARCH_USER_PATHS = NO;
				CLANG_CXX_LANGUAGE_STANDARD = "gnu++0x";
				CLANG_CXX_LIBRARY = "libc++";
				CLANG_ENABLE_MODULES = YES;
				CLANG_ENABLE_OBJC_ARC = YES;
				CLANG_WARN_BOOL_CONVERSION = YES;
				CLANG_WARN_CONSTANT_CONVERSION = YES;
				CLANG_WARN_DIRECT_OBJC_ISA_USAGE = YES_ERROR;
				CLANG_WARN_EMPTY_BODY = YES;
				CLANG_WARN_ENUM_CONVERSION = YES;
				CLANG_WARN_INT_CONVERSION = YES;
				CLANG_WARN_OBJC_ROOT_CLASS = YES_ERROR;
				CLANG_WARN_UNREACHABLE_CODE = YES;
				CLANG_WARN__DUPLICATE_METHOD_MATCH = YES;
				"CODE_SIGN_IDENTITY[sdk=iphoneos*]" = "iPhone Developer";
				COPY_PHASE_STRIP = NO;
				ENABLE_STRICT_OBJC_MSGSEND = YES;
				GCC_C_LANGUAGE_STANDARD = gnu99;
				GCC_DYNAMIC_NO_PIC = NO;
				GCC_OPTIMIZATION_LEVEL = 0;
				GCC_PREPROCESSOR_DEFINITIONS = (
					"DEBUG=1",
					"$(inherited)",
				);
				GCC_SYMBOLS_PRIVATE_EXTERN = NO;
				GCC_WARN_64_TO_32_BIT_CONVERSION = YES;
				GCC_WARN_ABOUT_RETURN_TYPE = YES_ERROR;
				GCC_WARN_UNDECLARED_SELECTOR = YES;
				GCC_WARN_UNINITIALIZED_AUTOS = YES_AGGRESSIVE;
				GCC_WARN_UNUSED_FUNCTION = YES;
				GCC_WARN_UNUSED_VARIABLE = YES;
				IPHONEOS_DEPLOYMENT_TARGET = 8.1;
				MTL_ENABLE_DEBUG_INFO = YES;
				ONLY_ACTIVE_ARCH = YES;
				SDKROOT = iphoneos;
			};
			name = Debug;
		};
		F31DDE001ACEE13E00B4D65E /* Release */ = {
			isa = XCBuildConfiguration;
			buildSettings = {
				ALWAYS_SEARCH_USER_PATHS = NO;
				CLANG_CXX_LANGUAGE_STANDARD = "gnu++0x";
				CLANG_CXX_LIBRARY = "libc++";
				CLANG_ENABLE_MODULES = YES;
				CLANG_ENABLE_OBJC_ARC = YES;
				CLANG_WARN_BOOL_CONVERSION = YES;
				CLANG_WARN_CONSTANT_CONVERSION = YES;
				CLANG_WARN_DIRECT_OBJC_ISA_USAGE = YES_ERROR;
				CLANG_WARN_EMPTY_BODY = YES;
				CLANG_WARN_ENUM_CONVERSION = YES;
				CLANG_WARN_INT_CONVERSION = YES;
				CLANG_WARN_OBJC_ROOT_CLASS = YES_ERROR;
				CLANG_WARN_UNREACHABLE_CODE = YES;
				CLANG_WARN__DUPLICATE_METHOD_MATCH = YES;
				"CODE_SIGN_IDENTITY[sdk=iphoneos*]" = "iPhone Developer";
				COPY_PHASE_STRIP = YES;
				ENABLE_NS_ASSERTIONS = NO;
				ENABLE_STRICT_OBJC_MSGSEND = YES;
				GCC_C_LANGUAGE_STANDARD = gnu99;
				GCC_WARN_64_TO_32_BIT_CONVERSION = YES;
				GCC_WARN_ABOUT_RETURN_TYPE = YES_ERROR;
				GCC_WARN_UNDECLARED_SELECTOR = YES;
				GCC_WARN_UNINITIALIZED_AUTOS = YES_AGGRESSIVE;
				GCC_WARN_UNUSED_FUNCTION = YES;
				GCC_WARN_UNUSED_VARIABLE = YES;
				IPHONEOS_DEPLOYMENT_TARGET = 8.1;
				MTL_ENABLE_DEBUG_INFO = NO;
				SDKROOT = iphoneos;
				VALIDATE_PRODUCT = YES;
			};
			name = Release;
		};
		F31DDE021ACEE13E00B4D65E /* Debug */ = {
			isa = XCBuildConfiguration;
			buildSettings = {
				ASSETCATALOG_COMPILER_APPICON_NAME = AppIcon;
				INFOPLIST_FILE = MatchingRush/Info.plist;
				LD_RUNPATH_SEARCH_PATHS = "$(inherited) @executable_path/Frameworks";
				PRODUCT_NAME = "$(TARGET_NAME)";
			};
			name = Debug;
		};
		F31DDE031ACEE13E00B4D65E /* Release */ = {
			isa = XCBuildConfiguration;
			buildSettings = {
				ASSETCATALOG_COMPILER_APPICON_NAME = AppIcon;
				INFOPLIST_FILE = MatchingRush/Info.plist;
				LD_RUNPATH_SEARCH_PATHS = "$(inherited) @executable_path/Frameworks";
				PRODUCT_NAME = "$(TARGET_NAME)";
			};
			name = Release;
		};
		F31DDE051ACEE13E00B4D65E /* Debug */ = {
			isa = XCBuildConfiguration;
			buildSettings = {
				BUNDLE_LOADER = "$(TEST_HOST)";
				FRAMEWORK_SEARCH_PATHS = (
					"$(SDKROOT)/Developer/Library/Frameworks",
					"$(inherited)",
				);
				GCC_PREPROCESSOR_DEFINITIONS = (
					"DEBUG=1",
					"$(inherited)",
				);
				INFOPLIST_FILE = MatchingRushTests/Info.plist;
				LD_RUNPATH_SEARCH_PATHS = "$(inherited) @executable_path/Frameworks @loader_path/Frameworks";
				PRODUCT_NAME = "$(TARGET_NAME)";
				TEST_HOST = "$(BUILT_PRODUCTS_DIR)/MatchingRush.app/MatchingRush";
			};
			name = Debug;
		};
		F31DDE061ACEE13E00B4D65E /* Release */ = {
			isa = XCBuildConfiguration;
			buildSettings = {
				BUNDLE_LOADER = "$(TEST_HOST)";
				FRAMEWORK_SEARCH_PATHS = (
					"$(SDKROOT)/Developer/Library/Frameworks",
					"$(inherited)",
				);
				INFOPLIST_FILE = MatchingRushTests/Info.plist;
				LD_RUNPATH_SEARCH_PATHS = "$(inherited) @executable_path/Frameworks @loader_path/Frameworks";
				PRODUCT_NAME = "$(TARGET_NAME)";
				TEST_HOST = "$(BUILT_PRODUCTS_DIR)/MatchingRush.app/MatchingRush";
			};
			name = Release;
		};
/* End XCBuildConfiguration section */

/* Begin XCConfigurationList section */
		F31DDDD41ACEE13D00B4D65E /* Build configuration list for PBXProject "MatchingRush" */ = {
			isa = XCConfigurationList;
			buildConfigurations = (
				F31DDDFF1ACEE13E00B4D65E /* Debug */,
				F31DDE001ACEE13E00B4D65E /* Release */,
			);
			defaultConfigurationIsVisible = 0;
			defaultConfigurationName = Release;
		};
		F31DDE011ACEE13E00B4D65E /* Build configuration list for PBXNativeTarget "MatchingRush" */ = {
			isa = XCConfigurationList;
			buildConfigurations = (
				F31DDE021ACEE13E00B4D65E /* Debug */,
				F31DDE031ACEE13E00B4D65E /* Release */,
			);
			defaultConfigurationIsVisible = 0;
		};
		F31DDE041ACEE13E00B4D65E /* Build configuration list for PBXNativeTarget "MatchingRushTests" */ = {
			isa = XCConfigurationList;
			buildConfigurations = (
				F31DDE051ACEE13E00B4D65E /* Debug */,
				F31DDE061ACEE13E00B4D65E /* Release */,
			);
			defaultConfigurationIsVisible = 0;
		};
/* End XCConfigurationList section */
	};
	rootObject = F31DDDD11ACEE13D00B4D65E /* Project object */;
}
