// !$*UTF8*$!
{
	archiveVersion = 1;
	classes = {
	};
	objectVersion = 46;
	objects = {

/* Begin PBXBuildFile section */
		F3EDBC4E1A81287A001E5C32 /* main.m in Sources */ = {isa = PBXBuildFile; fileRef = F3EDBC4D1A81287A001E5C32 /* main.m */; };
		F3EDBC511A81287A001E5C32 /* AppDelegate.m in Sources */ = {isa = PBXBuildFile; fileRef = F3EDBC501A81287A001E5C32 /* AppDelegate.m */; };
		F3EDBC541A81287A001E5C32 /* GameScene.m in Sources */ = {isa = PBXBuildFile; fileRef = F3EDBC531A81287A001E5C32 /* GameScene.m */; };
		F3EDBC561A81287A001E5C32 /* GameScene.sks in Resources */ = {isa = PBXBuildFile; fileRef = F3EDBC551A81287A001E5C32 /* GameScene.sks */; };
		F3EDBC591A81287A001E5C32 /* GameViewController.m in Sources */ = {isa = PBXBuildFile; fileRef = F3EDBC581A81287A001E5C32 /* GameViewController.m */; };
		F3EDBC5C1A81287A001E5C32 /* Main.storyboard in Resources */ = {isa = PBXBuildFile; fileRef = F3EDBC5A1A81287A001E5C32 /* Main.storyboard */; };
		F3EDBC5E1A81287A001E5C32 /* Images.xcassets in Resources */ = {isa = PBXBuildFile; fileRef = F3EDBC5D1A81287A001E5C32 /* Images.xcassets */; };
		F3EDBC611A81287A001E5C32 /* LaunchScreen.xib in Resources */ = {isa = PBXBuildFile; fileRef = F3EDBC5F1A81287A001E5C32 /* LaunchScreen.xib */; };
		F3EDBC6D1A81287A001E5C32 /* MatchingRushTests.m in Sources */ = {isa = PBXBuildFile; fileRef = F3EDBC6C1A81287A001E5C32 /* MatchingRushTests.m */; };
/* End PBXBuildFile section */

/* Begin PBXContainerItemProxy section */
		F3EDBC671A81287A001E5C32 /* PBXContainerItemProxy */ = {
			isa = PBXContainerItemProxy;
			containerPortal = F3EDBC401A81287A001E5C32 /* Project object */;
			proxyType = 1;
			remoteGlobalIDString = F3EDBC471A81287A001E5C32;
			remoteInfo = MatchingRush;
		};
/* End PBXContainerItemProxy section */

/* Begin PBXFileReference section */
		F3EDBC481A81287A001E5C32 /* MatchingRush.app */ = {isa = PBXFileReference; explicitFileType = wrapper.application; includeInIndex = 0; path = MatchingRush.app; sourceTree = BUILT_PRODUCTS_DIR; };
		F3EDBC4C1A81287A001E5C32 /* Info.plist */ = {isa = PBXFileReference; lastKnownFileType = text.plist.xml; path = Info.plist; sourceTree = "<group>"; };
		F3EDBC4D1A81287A001E5C32 /* main.m */ = {isa = PBXFileReference; lastKnownFileType = sourcecode.c.objc; path = main.m; sourceTree = "<group>"; };
		F3EDBC4F1A81287A001E5C32 /* AppDelegate.h */ = {isa = PBXFileReference; lastKnownFileType = sourcecode.c.h; path = AppDelegate.h; sourceTree = "<group>"; };
		F3EDBC501A81287A001E5C32 /* AppDelegate.m */ = {isa = PBXFileReference; lastKnownFileType = sourcecode.c.objc; path = AppDelegate.m; sourceTree = "<group>"; };
		F3EDBC521A81287A001E5C32 /* GameScene.h */ = {isa = PBXFileReference; lastKnownFileType = sourcecode.c.h; path = GameScene.h; sourceTree = "<group>"; };
		F3EDBC531A81287A001E5C32 /* GameScene.m */ = {isa = PBXFileReference; lastKnownFileType = sourcecode.c.objc; path = GameScene.m; sourceTree = "<group>"; };
		F3EDBC551A81287A001E5C32 /* GameScene.sks */ = {isa = PBXFileReference; lastKnownFileType = file.sks; path = GameScene.sks; sourceTree = "<group>"; };
		F3EDBC571A81287A001E5C32 /* GameViewController.h */ = {isa = PBXFileReference; lastKnownFileType = sourcecode.c.h; path = GameViewController.h; sourceTree = "<group>"; };
		F3EDBC581A81287A001E5C32 /* GameViewController.m */ = {isa = PBXFileReference; lastKnownFileType = sourcecode.c.objc; path = GameViewController.m; sourceTree = "<group>"; };
		F3EDBC5B1A81287A001E5C32 /* Base */ = {isa = PBXFileReference; lastKnownFileType = file.storyboard; name = Base; path = Base.lproj/Main.storyboard; sourceTree = "<group>"; };
		F3EDBC5D1A81287A001E5C32 /* Images.xcassets */ = {isa = PBXFileReference; lastKnownFileType = folder.assetcatalog; path = Images.xcassets; sourceTree = "<group>"; };
		F3EDBC601A81287A001E5C32 /* Base */ = {isa = PBXFileReference; lastKnownFileType = file.xib; name = Base; path = Base.lproj/LaunchScreen.xib; sourceTree = "<group>"; };
		F3EDBC661A81287A001E5C32 /* MatchingRushTests.xctest */ = {isa = PBXFileReference; explicitFileType = wrapper.cfbundle; includeInIndex = 0; path = MatchingRushTests.xctest; sourceTree = BUILT_PRODUCTS_DIR; };
		F3EDBC6B1A81287A001E5C32 /* Info.plist */ = {isa = PBXFileReference; lastKnownFileType = text.plist.xml; path = Info.plist; sourceTree = "<group>"; };
		F3EDBC6C1A81287A001E5C32 /* MatchingRushTests.m */ = {isa = PBXFileReference; lastKnownFileType = sourcecode.c.objc; path = MatchingRushTests.m; sourceTree = "<group>"; };
/* End PBXFileReference section */

/* Begin PBXFrameworksBuildPhase section */
		F3EDBC451A81287A001E5C32 /* Frameworks */ = {
			isa = PBXFrameworksBuildPhase;
			buildActionMask = 2147483647;
			files = (
			);
			runOnlyForDeploymentPostprocessing = 0;
		};
		F3EDBC631A81287A001E5C32 /* Frameworks */ = {
			isa = PBXFrameworksBuildPhase;
			buildActionMask = 2147483647;
			files = (
			);
			runOnlyForDeploymentPostprocessing = 0;
		};
/* End PBXFrameworksBuildPhase section */

/* Begin PBXGroup section */
		F3EDBC3F1A812879001E5C32 = {
			isa = PBXGroup;
			children = (
				F3EDBC4A1A81287A001E5C32 /* MatchingRush */,
				F3EDBC691A81287A001E5C32 /* MatchingRushTests */,
				F3EDBC491A81287A001E5C32 /* Products */,
			);
			sourceTree = "<group>";
		};
		F3EDBC491A81287A001E5C32 /* Products */ = {
			isa = PBXGroup;
			children = (
				F3EDBC481A81287A001E5C32 /* MatchingRush.app */,
				F3EDBC661A81287A001E5C32 /* MatchingRushTests.xctest */,
			);
			name = Products;
			sourceTree = "<group>";
		};
		F3EDBC4A1A81287A001E5C32 /* MatchingRush */ = {
			isa = PBXGroup;
			children = (
				F3EDBC4F1A81287A001E5C32 /* AppDelegate.h */,
				F3EDBC501A81287A001E5C32 /* AppDelegate.m */,
				F3EDBC521A81287A001E5C32 /* GameScene.h */,
				F3EDBC531A81287A001E5C32 /* GameScene.m */,
				F3EDBC551A81287A001E5C32 /* GameScene.sks */,
				F3EDBC571A81287A001E5C32 /* GameViewController.h */,
				F3EDBC581A81287A001E5C32 /* GameViewController.m */,
				F3EDBC5A1A81287A001E5C32 /* Main.storyboard */,
				F3EDBC5D1A81287A001E5C32 /* Images.xcassets */,
				F3EDBC5F1A81287A001E5C32 /* LaunchScreen.xib */,
				F3EDBC4B1A81287A001E5C32 /* Supporting Files */,
			);
			path = MatchingRush;
			sourceTree = "<group>";
		};
		F3EDBC4B1A81287A001E5C32 /* Supporting Files */ = {
			isa = PBXGroup;
			children = (
				F3EDBC4C1A81287A001E5C32 /* Info.plist */,
				F3EDBC4D1A81287A001E5C32 /* main.m */,
			);
			name = "Supporting Files";
			sourceTree = "<group>";
		};
		F3EDBC691A81287A001E5C32 /* MatchingRushTests */ = {
			isa = PBXGroup;
			children = (
				F3EDBC6C1A81287A001E5C32 /* MatchingRushTests.m */,
				F3EDBC6A1A81287A001E5C32 /* Supporting Files */,
			);
			path = MatchingRushTests;
			sourceTree = "<group>";
		};
		F3EDBC6A1A81287A001E5C32 /* Supporting Files */ = {
			isa = PBXGroup;
			children = (
				F3EDBC6B1A81287A001E5C32 /* Info.plist */,
			);
			name = "Supporting Files";
			sourceTree = "<group>";
		};
/* End PBXGroup section */

/* Begin PBXNativeTarget section */
		F3EDBC471A81287A001E5C32 /* MatchingRush */ = {
			isa = PBXNativeTarget;
			buildConfigurationList = F3EDBC701A81287A001E5C32 /* Build configuration list for PBXNativeTarget "MatchingRush" */;
			buildPhases = (
				F3EDBC441A81287A001E5C32 /* Sources */,
				F3EDBC451A81287A001E5C32 /* Frameworks */,
				F3EDBC461A81287A001E5C32 /* Resources */,
			);
			buildRules = (
			);
			dependencies = (
			);
			name = MatchingRush;
			productName = MatchingRush;
			productReference = F3EDBC481A81287A001E5C32 /* MatchingRush.app */;
			productType = "com.apple.product-type.application";
		};
		F3EDBC651A81287A001E5C32 /* MatchingRushTests */ = {
			isa = PBXNativeTarget;
			buildConfigurationList = F3EDBC731A81287A001E5C32 /* Build configuration list for PBXNativeTarget "MatchingRushTests" */;
			buildPhases = (
				F3EDBC621A81287A001E5C32 /* Sources */,
				F3EDBC631A81287A001E5C32 /* Frameworks */,
				F3EDBC641A81287A001E5C32 /* Resources */,
			);
			buildRules = (
			);
			dependencies = (
				F3EDBC681A81287A001E5C32 /* PBXTargetDependency */,
			);
			name = MatchingRushTests;
			productName = MatchingRushTests;
			productReference = F3EDBC661A81287A001E5C32 /* MatchingRushTests.xctest */;
			productType = "com.apple.product-type.bundle.unit-test";
		};
/* End PBXNativeTarget section */

/* Begin PBXProject section */
		F3EDBC401A81287A001E5C32 /* Project object */ = {
			isa = PBXProject;
			attributes = {
				LastUpgradeCheck = 0610;
				ORGANIZATIONNAME = hoangpham;
				TargetAttributes = {
					F3EDBC471A81287A001E5C32 = {
						CreatedOnToolsVersion = 6.1.1;
					};
					F3EDBC651A81287A001E5C32 = {
						CreatedOnToolsVersion = 6.1.1;
						TestTargetID = F3EDBC471A81287A001E5C32;
					};
				};
			};
			buildConfigurationList = F3EDBC431A81287A001E5C32 /* Build configuration list for PBXProject "MatchingRush" */;
			compatibilityVersion = "Xcode 3.2";
			developmentRegion = English;
			hasScannedForEncodings = 0;
			knownRegions = (
				en,
				Base,
			);
			mainGroup = F3EDBC3F1A812879001E5C32;
			productRefGroup = F3EDBC491A81287A001E5C32 /* Products */;
			projectDirPath = "";
			projectRoot = "";
			targets = (
				F3EDBC471A81287A001E5C32 /* MatchingRush */,
				F3EDBC651A81287A001E5C32 /* MatchingRushTests */,
			);
		};
/* End PBXProject section */

/* Begin PBXResourcesBuildPhase section */
		F3EDBC461A81287A001E5C32 /* Resources */ = {
			isa = PBXResourcesBuildPhase;
			buildActionMask = 2147483647;
			files = (
				F3EDBC611A81287A001E5C32 /* LaunchScreen.xib in Resources */,
				F3EDBC5E1A81287A001E5C32 /* Images.xcassets in Resources */,
				F3EDBC561A81287A001E5C32 /* GameScene.sks in Resources */,
				F3EDBC5C1A81287A001E5C32 /* Main.storyboard in Resources */,
			);
			runOnlyForDeploymentPostprocessing = 0;
		};
		F3EDBC641A81287A001E5C32 /* Resources */ = {
			isa = PBXResourcesBuildPhase;
			buildActionMask = 2147483647;
			files = (
			);
			runOnlyForDeploymentPostprocessing = 0;
		};
/* End PBXResourcesBuildPhase section */

/* Begin PBXSourcesBuildPhase section */
		F3EDBC441A81287A001E5C32 /* Sources */ = {
			isa = PBXSourcesBuildPhase;
			buildActionMask = 2147483647;
			files = (
				F3EDBC591A81287A001E5C32 /* GameViewController.m in Sources */,
				F3EDBC511A81287A001E5C32 /* AppDelegate.m in Sources */,
				F3EDBC541A81287A001E5C32 /* GameScene.m in Sources */,
				F3EDBC4E1A81287A001E5C32 /* main.m in Sources */,
			);
			runOnlyForDeploymentPostprocessing = 0;
		};
		F3EDBC621A81287A001E5C32 /* Sources */ = {
			isa = PBXSourcesBuildPhase;
			buildActionMask = 2147483647;
			files = (
				F3EDBC6D1A81287A001E5C32 /* MatchingRushTests.m in Sources */,
			);
			runOnlyForDeploymentPostprocessing = 0;
		};
/* End PBXSourcesBuildPhase section */

/* Begin PBXTargetDependency section */
		F3EDBC681A81287A001E5C32 /* PBXTargetDependency */ = {
			isa = PBXTargetDependency;
			target = F3EDBC471A81287A001E5C32 /* MatchingRush */;
			targetProxy = F3EDBC671A81287A001E5C32 /* PBXContainerItemProxy */;
		};
/* End PBXTargetDependency section */

/* Begin PBXVariantGroup section */
		F3EDBC5A1A81287A001E5C32 /* Main.storyboard */ = {
			isa = PBXVariantGroup;
			children = (
				F3EDBC5B1A81287A001E5C32 /* Base */,
			);
			name = Main.storyboard;
			sourceTree = "<group>";
		};
		F3EDBC5F1A81287A001E5C32 /* LaunchScreen.xib */ = {
			isa = PBXVariantGroup;
			children = (
				F3EDBC601A81287A001E5C32 /* Base */,
			);
			name = LaunchScreen.xib;
			sourceTree = "<group>";
		};
/* End PBXVariantGroup section */

/* Begin XCBuildConfiguration section */
		F3EDBC6E1A81287A001E5C32 /* Debug */ = {
			isa = XCBuildConfiguration;
			buildSettings = {
				ALWAYS_SEARCH_USER_PATHS = NO;
				CLANG_CXX_LANGUAGE_STANDARD = "gnu++0x";
				CLANG_CXX_LIBRARY = "libc++";
				CLANG_ENABLE_MODULES = YES;
				CLANG_ENABLE_OBJC_ARC = YES;
				CLANG_WARN_BOOL_CONVERSION = YES;
				CLANG_WARN_CONSTANT_CONVERSION = YES;
				CLANG_WARN_DIRECT_OBJC_ISA_USAGE = YES_ERROR;
				CLANG_WARN_EMPTY_BODY = YES;
				CLANG_WARN_ENUM_CONVERSION = YES;
				CLANG_WARN_INT_CONVERSION = YES;
				CLANG_WARN_OBJC_ROOT_CLASS = YES_ERROR;
				CLANG_WARN_UNREACHABLE_CODE = YES;
				CLANG_WARN__DUPLICATE_METHOD_MATCH = YES;
				"CODE_SIGN_IDENTITY[sdk=iphoneos*]" = "iPhone Developer";
				COPY_PHASE_STRIP = NO;
				ENABLE_STRICT_OBJC_MSGSEND = YES;
				GCC_C_LANGUAGE_STANDARD = gnu99;
				GCC_DYNAMIC_NO_PIC = NO;
				GCC_OPTIMIZATION_LEVEL = 0;
				GCC_PREPROCESSOR_DEFINITIONS = (
					"DEBUG=1",
					"$(inherited)",
				);
				GCC_SYMBOLS_PRIVATE_EXTERN = NO;
				GCC_WARN_64_TO_32_BIT_CONVERSION = YES;
				GCC_WARN_ABOUT_RETURN_TYPE = YES_ERROR;
				GCC_WARN_UNDECLARED_SELECTOR = YES;
				GCC_WARN_UNINITIALIZED_AUTOS = YES_AGGRESSIVE;
				GCC_WARN_UNUSED_FUNCTION = YES;
				GCC_WARN_UNUSED_VARIABLE = YES;
				IPHONEOS_DEPLOYMENT_TARGET = 8.1;
				MTL_ENABLE_DEBUG_INFO = YES;
				ONLY_ACTIVE_ARCH = YES;
				SDKROOT = iphoneos;
			};
			name = Debug;
		};
		F3EDBC6F1A81287A001E5C32 /* Release */ = {
			isa = XCBuildConfiguration;
			buildSettings = {
				ALWAYS_SEARCH_USER_PATHS = NO;
				CLANG_CXX_LANGUAGE_STANDARD = "gnu++0x";
				CLANG_CXX_LIBRARY = "libc++";
				CLANG_ENABLE_MODULES = YES;
				CLANG_ENABLE_OBJC_ARC = YES;
				CLANG_WARN_BOOL_CONVERSION = YES;
				CLANG_WARN_CONSTANT_CONVERSION = YES;
				CLANG_WARN_DIRECT_OBJC_ISA_USAGE = YES_ERROR;
				CLANG_WARN_EMPTY_BODY = YES;
				CLANG_WARN_ENUM_CONVERSION = YES;
				CLANG_WARN_INT_CONVERSION = YES;
				CLANG_WARN_OBJC_ROOT_CLASS = YES_ERROR;
				CLANG_WARN_UNREACHABLE_CODE = YES;
				CLANG_WARN__DUPLICATE_METHOD_MATCH = YES;
				"CODE_SIGN_IDENTITY[sdk=iphoneos*]" = "iPhone Developer";
				COPY_PHASE_STRIP = YES;
				ENABLE_NS_ASSERTIONS = NO;
				ENABLE_STRICT_OBJC_MSGSEND = YES;
				GCC_C_LANGUAGE_STANDARD = gnu99;
				GCC_WARN_64_TO_32_BIT_CONVERSION = YES;
				GCC_WARN_ABOUT_RETURN_TYPE = YES_ERROR;
				GCC_WARN_UNDECLARED_SELECTOR = YES;
				GCC_WARN_UNINITIALIZED_AUTOS = YES_AGGRESSIVE;
				GCC_WARN_UNUSED_FUNCTION = YES;
				GCC_WARN_UNUSED_VARIABLE = YES;
				IPHONEOS_DEPLOYMENT_TARGET = 8.1;
				MTL_ENABLE_DEBUG_INFO = NO;
				SDKROOT = iphoneos;
				VALIDATE_PRODUCT = YES;
			};
			name = Release;
		};
		F3EDBC711A81287A001E5C32 /* Debug */ = {
			isa = XCBuildConfiguration;
			buildSettings = {
				ASSETCATALOG_COMPILER_APPICON_NAME = AppIcon;
				INFOPLIST_FILE = MatchingRush/Info.plist;
				LD_RUNPATH_SEARCH_PATHS = "$(inherited) @executable_path/Frameworks";
				PRODUCT_NAME = "$(TARGET_NAME)";
			};
			name = Debug;
		};
		F3EDBC721A81287A001E5C32 /* Release */ = {
			isa = XCBuildConfiguration;
			buildSettings = {
				ASSETCATALOG_COMPILER_APPICON_NAME = AppIcon;
				INFOPLIST_FILE = MatchingRush/Info.plist;
				LD_RUNPATH_SEARCH_PATHS = "$(inherited) @executable_path/Frameworks";
				PRODUCT_NAME = "$(TARGET_NAME)";
			};
			name = Release;
		};
		F3EDBC741A81287A001E5C32 /* Debug */ = {
			isa = XCBuildConfiguration;
			buildSettings = {
				BUNDLE_LOADER = "$(TEST_HOST)";
				FRAMEWORK_SEARCH_PATHS = (
					"$(SDKROOT)/Developer/Library/Frameworks",
					"$(inherited)",
				);
				GCC_PREPROCESSOR_DEFINITIONS = (
					"DEBUG=1",
					"$(inherited)",
				);
				INFOPLIST_FILE = MatchingRushTests/Info.plist;
				LD_RUNPATH_SEARCH_PATHS = "$(inherited) @executable_path/Frameworks @loader_path/Frameworks";
				PRODUCT_NAME = "$(TARGET_NAME)";
				TEST_HOST = "$(BUILT_PRODUCTS_DIR)/MatchingRush.app/MatchingRush";
			};
			name = Debug;
		};
		F3EDBC751A81287A001E5C32 /* Release */ = {
			isa = XCBuildConfiguration;
			buildSettings = {
				BUNDLE_LOADER = "$(TEST_HOST)";
				FRAMEWORK_SEARCH_PATHS = (
					"$(SDKROOT)/Developer/Library/Frameworks",
					"$(inherited)",
				);
				INFOPLIST_FILE = MatchingRushTests/Info.plist;
				LD_RUNPATH_SEARCH_PATHS = "$(inherited) @executable_path/Frameworks @loader_path/Frameworks";
				PRODUCT_NAME = "$(TARGET_NAME)";
				TEST_HOST = "$(BUILT_PRODUCTS_DIR)/MatchingRush.app/MatchingRush";
			};
			name = Release;
		};
/* End XCBuildConfiguration section */

/* Begin XCConfigurationList section */
		F3EDBC431A81287A001E5C32 /* Build configuration list for PBXProject "MatchingRush" */ = {
			isa = XCConfigurationList;
			buildConfigurations = (
				F3EDBC6E1A81287A001E5C32 /* Debug */,
				F3EDBC6F1A81287A001E5C32 /* Release */,
			);
			defaultConfigurationIsVisible = 0;
			defaultConfigurationName = Release;
		};
		F3EDBC701A81287A001E5C32 /* Build configuration list for PBXNativeTarget "MatchingRush" */ = {
			isa = XCConfigurationList;
			buildConfigurations = (
				F3EDBC711A81287A001E5C32 /* Debug */,
				F3EDBC721A81287A001E5C32 /* Release */,
			);
			defaultConfigurationIsVisible = 0;
		};
		F3EDBC731A81287A001E5C32 /* Build configuration list for PBXNativeTarget "MatchingRushTests" */ = {
			isa = XCConfigurationList;
			buildConfigurations = (
				F3EDBC741A81287A001E5C32 /* Debug */,
				F3EDBC751A81287A001E5C32 /* Release */,
			);
			defaultConfigurationIsVisible = 0;
		};
/* End XCConfigurationList section */
	};
	rootObject = F3EDBC401A81287A001E5C32 /* Project object */;
}
